
Microsoft Visual Studio Solution File, Format Version 12.00
Project("{2150E333-8FDC-42A3-9474-1A3956D46DE8}") = "src", "src", "{570515D6-04A2-4AE6-84DA-4CADF4079460}"
EndProject
Project("{FAE04EC0-301F-11D3-BF4B-00C04F79EFBC}") = "ApologiaStudio.Web", "src\ApologiaStudio.Web\ApologiaStudio.Web.csproj", "{CF6D761B-4027-4DF8-9076-0017A345EBEB}"
EndProject
Project("{FAE04EC0-301F-11D3-BF4B-00C04F79EFBC}") = "ApologiaStudio.Domain", "src\ApologiaStudio.Domain\ApologiaStudio.Domain.csproj", "{C2896EC2-B24C-41F2-A0DD-AD9BD74BB871}"
EndProject
Project("{FAE04EC0-301F-11D3-BF4B-00C04F79EFBC}") = "ApologiaStudio.Application", "src\ApologiaStudio.Application\ApologiaStudio.Application.csproj", "{6A448643-F989-4B43-83A2-C9D5C6DD8243}"
EndProject
Project("{FAE04EC0-301F-11D3-BF4B-00C04F79EFBC}") = "ApologiaStudio.AgentRuntime", "src\ApologiaStudio.AgentRuntime\ApologiaStudio.AgentRuntime.csproj", "{06988160-2A4F-4A03-B4AE-192BA4BF2850}"
EndProject
Project("{FAE04EC0-301F-11D3-BF4B-00C04F79EFBC}") = "ApologiaStudio.Infrastructure", "src\ApologiaStudio.Infrastructure\ApologiaStudio.Infrastructure.csproj", "{8FEFB33B-5EBF-4086-A622-DC4517FCD7F6}"
EndProject
Project("{FAE04EC0-301F-11D3-BF4B-00C04F79EFBC}") = "ApologiaStudio.Mcp.KnowledgeServer", "src\ApologiaStudio.Mcp.KnowledgeServer\ApologiaStudio.Mcp.KnowledgeServer.csproj", "{770CCAD6-B3B5-4BAE-891A-45BC3909A60C}"
EndProject
Project("{2150E333-8FDC-42A3-9474-1A3956D46DE8}") = "tests", "tests", "{0AB3BF05-4346-4AA6-1389-037BE0695223}"
EndProject
Project("{FAE04EC0-301F-11D3-BF4B-00C04F79EFBC}") = "ApologiaStudio.UnitTests", "tests\ApologiaStudio.UnitTests\ApologiaStudio.UnitTests.csproj", "{B84ED436-2F98-4A0F-8801-395DC0C5F308}"
EndProject
Project("{FAE04EC0-301F-11D3-BF4B-00C04F79EFBC}") = "ApologiaStudio.IntegrationTests", "tests\ApologiaStudio.IntegrationTests\ApologiaStudio.IntegrationTests.csproj", "{53113652-4879-4933-9970-758773A743E3}"
EndProject
Project("{FAE04EC0-301F-11D3-BF4B-00C04F79EFBC}") = "ApologiaStudio.ArchitectureTests", "tests\ApologiaStudio.ArchitectureTests\ApologiaStudio.ArchitectureTests.csproj", "{7CC4AB16-6681-4B0A-A0C6-808B5D223D9F}"
EndProject
Project("{FAE04EC0-301F-11D3-BF4B-00C04F79EFBC}") = "ApologiaStudio.Evaluations", "tests\ApologiaStudio.Evaluations\ApologiaStudio.Evaluations.csproj", "{AD86778F-973C-428B-84F3-47BBD824EB76}"
EndProject
Project("{2150E333-8FDC-42A3-9474-1A3956D46DE8}") = "tools", "tools", "{F3A92795-71E7-4A8B-A3D0-C8F01876A59E}"
EndProject
Project("{FAE04EC0-301F-11D3-BF4B-00C04F79EFBC}") = "ApologiaStudio.BibleCorpusBench", "tools\ApologiaStudio.BibleCorpusBench\ApologiaStudio.BibleCorpusBench.csproj", "{D13C6E45-4DE0-4A62-91AC-65E4DE6D053D}"
EndProject
Project("{FAE04EC0-301F-11D3-BF4B-00C04F79EFBC}") = "ApologiaStudio.BibleCorpusImporter", "tools\ApologiaStudio.BibleCorpusImporter\ApologiaStudio.BibleCorpusImporter.csproj", "{6EB6032A-4177-4BF2-B6C8-4E1E90CE3F39}"
EndProject
Project("{FAE04EC0-301F-11D3-BF4B-00C04F79EFBC}") = "ApologiaStudio.KnowledgeImporter", "tools\ApologiaStudio.KnowledgeImporter\ApologiaStudio.KnowledgeImporter.csproj", "{D4D5D3B0-8D50-4BC8-9D4C-8CFD5C0F67B1}"
EndProject
Project("{FAE04EC0-301F-11D3-BF4B-00C04F79EFBC}") = "ApologiaStudio.DocumentManagerConsumer", "tools\ApologiaStudio.DocumentManagerConsumer\ApologiaStudio.DocumentManagerConsumer.csproj", "{CB0E275E-DE99-450B-BF31-F258842BC91A}"
EndProject
Project("{FAE04EC0-301F-11D3-BF4B-00C04F79EFBC}") = "ApologiaStudio.GenreFormImporter", "tools\ApologiaStudio.GenreFormImporter\ApologiaStudio.GenreFormImporter.csproj", "{B425BCAB-9821-4524-B68C-8FFF54BD51E8}"
EndProject
Global
	GlobalSection(SolutionConfigurationPlatforms) = preSolution
		Debug|Any CPU = Debug|Any CPU
		Debug|x64 = Debug|x64
		Debug|x86 = Debug|x86
		Release|Any CPU = Release|Any CPU
		Release|x64 = Release|x64
		Release|x86 = Release|x86
	EndGlobalSection
	GlobalSection(ProjectConfigurationPlatforms) = postSolution
		{CF6D761B-4027-4DF8-9076-0017A345EBEB}.Debug|Any CPU.ActiveCfg = Debug|Any CPU
		{CF6D761B-4027-4DF8-9076-0017A345EBEB}.Debug|Any CPU.Build.0 = Debug|Any CPU
		{CF6D761B-4027-4DF8-9076-0017A345EBEB}.Debug|x64.ActiveCfg = Debug|Any CPU
		{CF6D761B-4027-4DF8-9076-0017A345EBEB}.Debug|x64.Build.0 = Debug|Any CPU
		{CF6D761B-4027-4DF8-9076-0017A345EBEB}.Debug|x86.ActiveCfg = Debug|Any CPU
		{CF6D761B-4027-4DF8-9076-0017A345EBEB}.Debug|x86.Build.0 = Debug|Any CPU
		{CF6D761B-4027-4DF8-9076-0017A345EBEB}.Release|Any CPU.ActiveCfg = Release|Any CPU
		{CF6D761B-4027-4DF8-9076-0017A345EBEB}.Release|Any CPU.Build.0 = Release|Any CPU
		{CF6D761B-4027-4DF8-9076-0017A345EBEB}.Release|x64.ActiveCfg = Release|Any CPU
		{CF6D761B-4027-4DF8-9076-0017A345EBEB}.Release|x64.Build.0 = Release|Any CPU
		{CF6D761B-4027-4DF8-9076-0017A345EBEB}.Release|x86.ActiveCfg = Release|Any CPU
		{CF6D761B-4027-4DF8-9076-0017A345EBEB}.Release|x86.Build.0 = Release|Any CPU
		{C2896EC2-B24C-41F2-A0DD-AD9BD74BB871}.Debug|Any CPU.ActiveCfg = Debug|Any CPU
		{C2896EC2-B24C-41F2-A0DD-AD9BD74BB871}.Debug|Any CPU.Build.0 = Debug|Any CPU
		{C2896EC2-B24C-41F2-A0DD-AD9BD74BB871}.Debug|x64.ActiveCfg = Debug|Any CPU
		{C2896EC2-B24C-41F2-A0DD-AD9BD74BB871}.Debug|x64.Build.0 = Debug|Any CPU
		{C2896EC2-B24C-41F2-A0DD-AD9BD74BB871}.Debug|x86.ActiveCfg = Debug|Any CPU
		{C2896EC2-B24C-41F2-A0DD-AD9BD74BB871}.Debug|x86.Build.0 = Debug|Any CPU
		{C2896EC2-B24C-41F2-A0DD-AD9BD74BB871}.Release|Any CPU.ActiveCfg = Release|Any CPU
		{C2896EC2-B24C-41F2-A0DD-AD9BD74BB871}.Release|Any CPU.Build.0 = Release|Any CPU
		{C2896EC2-B24C-41F2-A0DD-AD9BD74BB871}.Release|x64.ActiveCfg = Release|Any CPU
		{C2896EC2-B24C-41F2-A0DD-AD9BD74BB871}.Release|x64.Build.0 = Release|Any CPU
		{C2896EC2-B24C-41F2-A0DD-AD9BD74BB871}.Release|x86.ActiveCfg = Release|Any CPU
		{C2896EC2-B24C-41F2-A0DD-AD9BD74BB871}.Release|x86.Build.0 = Release|Any CPU
		{6A448643-F989-4B43-83A2-C9D5C6DD8243}.Debug|Any CPU.ActiveCfg = Debug|Any CPU
		{6A448643-F989-4B43-83A2-C9D5C6DD8243}.Debug|Any CPU.Build.0 = Debug|Any CPU
		{6A448643-F989-4B43-83A2-C9D5C6DD8243}.Debug|x64.ActiveCfg = Debug|Any CPU
		{6A448643-F989-4B43-83A2-C9D5C6DD8243}.Debug|x64.Build.0 = Debug|Any CPU
		{6A448643-F989-4B43-83A2-C9D5C6DD8243}.Debug|x86.ActiveCfg = Debug|Any CPU
		{6A448643-F989-4B43-83A2-C9D5C6DD8243}.Debug|x86.Build.0 = Debug|Any CPU
		{6A448643-F989-4B43-83A2-C9D5C6DD8243}.Release|Any CPU.ActiveCfg = Release|Any CPU
		{6A448643-F989-4B43-83A2-C9D5C6DD8243}.Release|Any CPU.Build.0 = Release|Any CPU
		{6A448643-F989-4B43-83A2-C9D5C6DD8243}.Release|x64.ActiveCfg = Release|Any CPU
		{6A448643-F989-4B43-83A2-C9D5C6DD8243}.Release|x64.Build.0 = Release|Any CPU
		{6A448643-F989-4B43-83A2-C9D5C6DD8243}.Release|x86.ActiveCfg = Release|Any CPU
		{6A448643-F989-4B43-83A2-C9D5C6DD8243}.Release|x86.Build.0 = Release|Any CPU
		{06988160-2A4F-4A03-B4AE-192BA4BF2850}.Debug|Any CPU.ActiveCfg = Debug|Any CPU
		{06988160-2A4F-4A03-B4AE-192BA4BF2850}.Debug|Any CPU.Build.0 = Debug|Any CPU
		{06988160-2A4F-4A03-B4AE-192BA4BF2850}.Debug|x64.ActiveCfg = Debug|Any CPU
		{06988160-2A4F-4A03-B4AE-192BA4BF2850}.Debug|x64.Build.0 = Debug|Any CPU
		{06988160-2A4F-4A03-B4AE-192BA4BF2850}.Debug|x86.ActiveCfg = Debug|Any CPU
		{06988160-2A4F-4A03-B4AE-192BA4BF2850}.Debug|x86.Build.0 = Debug|Any CPU
		{06988160-2A4F-4A03-B4AE-192BA4BF2850}.Release|Any CPU.ActiveCfg = Release|Any CPU
		{06988160-2A4F-4A03-B4AE-192BA4BF2850}.Release|Any CPU.Build.0 = Release|Any CPU
		{06988160-2A4F-4A03-B4AE-192BA4BF2850}.Release|x64.ActiveCfg = Release|Any CPU
		{06988160-2A4F-4A03-B4AE-192BA4BF2850}.Release|x64.Build.0 = Release|Any CPU
		{06988160-2A4F-4A03-B4AE-192BA4BF2850}.Release|x86.ActiveCfg = Release|Any CPU
		{06988160-2A4F-4A03-B4AE-192BA4BF2850}.Release|x86.Build.0 = Release|Any CPU
		{8FEFB33B-5EBF-4086-A622-DC4517FCD7F6}.Debug|Any CPU.ActiveCfg = Debug|Any CPU
		{8FEFB33B-5EBF-4086-A622-DC4517FCD7F6}.Debug|Any CPU.Build.0 = Debug|Any CPU
		{8FEFB33B-5EBF-4086-A622-DC4517FCD7F6}.Debug|x64.ActiveCfg = Debug|Any CPU
		{8FEFB33B-5EBF-4086-A622-DC4517FCD7F6}.Debug|x64.Build.0 = Debug|Any CPU
		{8FEFB33B-5EBF-4086-A622-DC4517FCD7F6}.Debug|x86.ActiveCfg = Debug|Any CPU
		{8FEFB33B-5EBF-4086-A622-DC4517FCD7F6}.Debug|x86.Build.0 = Debug|Any CPU
		{8FEFB33B-5EBF-4086-A622-DC4517FCD7F6}.Release|Any CPU.ActiveCfg = Release|Any CPU
		{8FEFB33B-5EBF-4086-A622-DC4517FCD7F6}.Release|Any CPU.Build.0 = Release|Any CPU
		{8FEFB33B-5EBF-4086-A622-DC4517FCD7F6}.Release|x64.ActiveCfg = Release|Any CPU
		{8FEFB33B-5EBF-4086-A622-DC4517FCD7F6}.Release|x64.Build.0 = Release|Any CPU
		{8FEFB33B-5EBF-4086-A622-DC4517FCD7F6}.Release|x86.ActiveCfg = Release|Any CPU
		{8FEFB33B-5EBF-4086-A622-DC4517FCD7F6}.Release|x86.Build.0 = Release|Any CPU
		{770CCAD6-B3B5-4BAE-891A-45BC3909A60C}.Debug|Any CPU.ActiveCfg = Debug|Any CPU
		{770CCAD6-B3B5-4BAE-891A-45BC3909A60C}.Debug|Any CPU.Build.0 = Debug|Any CPU
		{770CCAD6-B3B5-4BAE-891A-45BC3909A60C}.Debug|x64.ActiveCfg = Debug|Any CPU
		{770CCAD6-B3B5-4BAE-891A-45BC3909A60C}.Debug|x64.Build.0 = Debug|Any CPU
		{770CCAD6-B3B5-4BAE-891A-45BC3909A60C}.Debug|x86.ActiveCfg = Debug|Any CPU
		{770CCAD6-B3B5-4BAE-891A-45BC3909A60C}.Debug|x86.Build.0 = Debug|Any CPU
		{770CCAD6-B3B5-4BAE-891A-45BC3909A60C}.Release|Any CPU.ActiveCfg = Release|Any CPU
		{770CCAD6-B3B5-4BAE-891A-45BC3909A60C}.Release|Any CPU.Build.0 = Release|Any CPU
		{770CCAD6-B3B5-4BAE-891A-45BC3909A60C}.Release|x64.ActiveCfg = Release|Any CPU
		{770CCAD6-B3B5-4BAE-891A-45BC3909A60C}.Release|x64.Build.0 = Release|Any CPU
		{770CCAD6-B3B5-4BAE-891A-45BC3909A60C}.Release|x86.ActiveCfg = Release|Any CPU
		{770CCAD6-B3B5-4BAE-891A-45BC3909A60C}.Release|x86.Build.0 = Release|Any CPU
		{B84ED436-2F98-4A0F-8801-395DC0C5F308}.Debug|Any CPU.ActiveCfg = Debug|Any CPU
		{B84ED436-2F98-4A0F-8801-395DC0C5F308}.Debug|Any CPU.Build.0 = Debug|Any CPU
		{B84ED436-2F98-4A0F-8801-395DC0C5F308}.Debug|x64.ActiveCfg = Debug|Any CPU
		{B84ED436-2F98-4A0F-8801-395DC0C5F308}.Debug|x64.Build.0 = Debug|Any CPU
		{B84ED436-2F98-4A0F-8801-395DC0C5F308}.Debug|x86.ActiveCfg = Debug|Any CPU
		{B84ED436-2F98-4A0F-8801-395DC0C5F308}.Debug|x86.Build.0 = Debug|Any CPU
		{B84ED436-2F98-4A0F-8801-395DC0C5F308}.Release|Any CPU.ActiveCfg = Release|Any CPU
		{B84ED436-2F98-4A0F-8801-395DC0C5F308}.Release|Any CPU.Build.0 = Release|Any CPU
		{B84ED436-2F98-4A0F-8801-395DC0C5F308}.Release|x64.ActiveCfg = Release|Any CPU
		{B84ED436-2F98-4A0F-8801-395DC0C5F308}.Release|x64.Build.0 = Release|Any CPU
		{B84ED436-2F98-4A0F-8801-395DC0C5F308}.Release|x86.ActiveCfg = Release|Any CPU
		{B84ED436-2F98-4A0F-8801-395DC0C5F308}.Release|x86.Build.0 = Release|Any CPU
		{53113652-4879-4933-9970-758773A743E3}.Debug|Any CPU.ActiveCfg = Debug|Any CPU
		{53113652-4879-4933-9970-758773A743E3}.Debug|Any CPU.Build.0 = Debug|Any CPU
		{53113652-4879-4933-9970-758773A743E3}.Debug|x64.ActiveCfg = Debug|Any CPU
		{53113652-4879-4933-9970-758773A743E3}.Debug|x64.Build.0 = Debug|Any CPU
		{53113652-4879-4933-9970-758773A743E3}.Debug|x86.ActiveCfg = Debug|Any CPU
		{53113652-4879-4933-9970-758773A743E3}.Debug|x86.Build.0 = Debug|Any CPU
		{53113652-4879-4933-9970-758773A743E3}.Release|Any CPU.ActiveCfg = Release|Any CPU
		{53113652-4879-4933-9970-758773A743E3}.Release|Any CPU.Build.0 = Release|Any CPU
		{53113652-4879-4933-9970-758773A743E3}.Release|x64.ActiveCfg = Release|Any CPU
		{53113652-4879-4933-9970-758773A743E3}.Release|x64.Build.0 = Release|Any CPU
		{53113652-4879-4933-9970-758773A743E3}.Release|x86.ActiveCfg = Release|Any CPU
		{53113652-4879-4933-9970-758773A743E3}.Release|x86.Build.0 = Release|Any CPU
		{7CC4AB16-6681-4B0A-A0C6-808B5D223D9F}.Debug|Any CPU.ActiveCfg = Debug|Any CPU
		{7CC4AB16-6681-4B0A-A0C6-808B5D223D9F}.Debug|Any CPU.Build.0 = Debug|Any CPU
		{7CC4AB16-6681-4B0A-A0C6-808B5D223D9F}.Debug|x64.ActiveCfg = Debug|Any CPU
		{7CC4AB16-6681-4B0A-A0C6-808B5D223D9F}.Debug|x64.Build.0 = Debug|Any CPU
		{7CC4AB16-6681-4B0A-A0C6-808B5D223D9F}.Debug|x86.ActiveCfg = Debug|Any CPU
		{7CC4AB16-6681-4B0A-A0C6-808B5D223D9F}.Debug|x86.Build.0 = Debug|Any CPU
		{7CC4AB16-6681-4B0A-A0C6-808B5D223D9F}.Release|Any CPU.ActiveCfg = Release|Any CPU
		{7CC4AB16-6681-4B0A-A0C6-808B5D223D9F}.Release|Any CPU.Build.0 = Release|Any CPU
		{7CC4AB16-6681-4B0A-A0C6-808B5D223D9F}.Release|x64.ActiveCfg = Release|Any CPU
		{7CC4AB16-6681-4B0A-A0C6-808B5D223D9F}.Release|x64.Build.0 = Release|Any CPU
		{7CC4AB16-6681-4B0A-A0C6-808B5D223D9F}.Release|x86.ActiveCfg = Release|Any CPU
		{7CC4AB16-6681-4B0A-A0C6-808B5D223D9F}.Release|x86.Build.0 = Release|Any CPU
		{AD86778F-973C-428B-84F3-47BBD824EB76}.Debug|Any CPU.ActiveCfg = Debug|Any CPU
		{AD86778F-973C-428B-84F3-47BBD824EB76}.Debug|Any CPU.Build.0 = Debug|Any CPU
		{AD86778F-973C-428B-84F3-47BBD824EB76}.Debug|x64.ActiveCfg = Debug|Any CPU
		{AD86778F-973C-428B-84F3-47BBD824EB76}.Debug|x64.Build.0 = Debug|Any CPU
		{AD86778F-973C-428B-84F3-47BBD824EB76}.Debug|x86.ActiveCfg = Debug|Any CPU
		{AD86778F-973C-428B-84F3-47BBD824EB76}.Debug|x86.Build.0 = Debug|Any CPU
		{AD86778F-973C-428B-84F3-47BBD824EB76}.Release|Any CPU.ActiveCfg = Release|Any CPU
		{AD86778F-973C-428B-84F3-47BBD824EB76}.Release|Any CPU.Build.0 = Release|Any CPU
		{AD86778F-973C-428B-84F3-47BBD824EB76}.Release|x64.ActiveCfg = Release|Any CPU
		{AD86778F-973C-428B-84F3-47BBD824EB76}.Release|x64.Build.0 = Release|Any CPU
		{AD86778F-973C-428B-84F3-47BBD824EB76}.Release|x86.ActiveCfg = Release|Any CPU
		{AD86778F-973C-428B-84F3-47BBD824EB76}.Release|x86.Build.0 = Release|Any CPU
		{D13C6E45-4DE0-4A62-91AC-65E4DE6D053D}.Debug|Any CPU.ActiveCfg = Debug|Any CPU
		{D13C6E45-4DE0-4A62-91AC-65E4DE6D053D}.Debug|Any CPU.Build.0 = Debug|Any CPU
		{D13C6E45-4DE0-4A62-91AC-65E4DE6D053D}.Debug|x64.ActiveCfg = Debug|Any CPU
		{D13C6E45-4DE0-4A62-91AC-65E4DE6D053D}.Debug|x64.Build.0 = Debug|Any CPU
		{D13C6E45-4DE0-4A62-91AC-65E4DE6D053D}.Debug|x86.ActiveCfg = Debug|Any CPU
		{D13C6E45-4DE0-4A62-91AC-65E4DE6D053D}.Debug|x86.Build.0 = Debug|Any CPU
		{D13C6E45-4DE0-4A62-91AC-65E4DE6D053D}.Release|Any CPU.ActiveCfg = Release|Any CPU
		{D13C6E45-4DE0-4A62-91AC-65E4DE6D053D}.Release|Any CPU.Build.0 = Release|Any CPU
		{D13C6E45-4DE0-4A62-91AC-65E4DE6D053D}.Release|x64.ActiveCfg = Release|Any CPU
		{D13C6E45-4DE0-4A62-91AC-65E4DE6D053D}.Release|x64.Build.0 = Release|Any CPU
		{D13C6E45-4DE0-4A62-91AC-65E4DE6D053D}.Release|x86.ActiveCfg = Release|Any CPU
		{D13C6E45-4DE0-4A62-91AC-65E4DE6D053D}.Release|x86.Build.0 = Release|Any CPU
		{6EB6032A-4177-4BF2-B6C8-4E1E90CE3F39}.Debug|Any CPU.ActiveCfg = Debug|Any CPU
		{6EB6032A-4177-4BF2-B6C8-4E1E90CE3F39}.Debug|Any CPU.Build.0 = Debug|Any CPU
		{6EB6032A-4177-4BF2-B6C8-4E1E90CE3F39}.Debug|x64.ActiveCfg = Debug|Any CPU
		{6EB6032A-4177-4BF2-B6C8-4E1E90CE3F39}.Debug|x64.Build.0 = Debug|Any CPU
		{6EB6032A-4177-4BF2-B6C8-4E1E90CE3F39}.Debug|x86.ActiveCfg = Debug|Any CPU
		{6EB6032A-4177-4BF2-B6C8-4E1E90CE3F39}.Debug|x86.Build.0 = Debug|Any CPU
		{6EB6032A-4177-4BF2-B6C8-4E1E90CE3F39}.Release|Any CPU.ActiveCfg = Release|Any CPU
		{6EB6032A-4177-4BF2-B6C8-4E1E90CE3F39}.Release|Any CPU.Build.0 = Release|Any CPU
		{6EB6032A-4177-4BF2-B6C8-4E1E90CE3F39}.Release|x64.ActiveCfg = Release|Any CPU
		{6EB6032A-4177-4BF2-B6C8-4E1E90CE3F39}.Release|x64.Build.0 = Release|Any CPU
		{6EB6032A-4177-4BF2-B6C8-4E1E90CE3F39}.Release|x86.ActiveCfg = Release|Any CPU
		{6EB6032A-4177-4BF2-B6C8-4E1E90CE3F39}.Release|x86.Build.0 = Release|Any CPU
		{D4D5D3B0-8D50-4BC8-9D4C-8CFD5C0F67B1}.Debug|Any CPU.ActiveCfg = Debug|Any CPU
		{D4D5D3B0-8D50-4BC8-9D4C-8CFD5C0F67B1}.Debug|Any CPU.Build.0 = Debug|Any CPU
		{D4D5D3B0-8D50-4BC8-9D4C-8CFD5C0F67B1}.Debug|x64.ActiveCfg = Debug|Any CPU
		{D4D5D3B0-8D50-4BC8-9D4C-8CFD5C0F67B1}.Debug|x64.Build.0 = Debug|Any CPU
		{D4D5D3B0-8D50-4BC8-9D4C-8CFD5C0F67B1}.Debug|x86.ActiveCfg = Debug|Any CPU
		{D4D5D3B0-8D50-4BC8-9D4C-8CFD5C0F67B1}.Debug|x86.Build.0 = Debug|Any CPU
		{D4D5D3B0-8D50-4BC8-9D4C-8CFD5C0F67B1}.Release|Any CPU.ActiveCfg = Release|Any CPU
		{D4D5D3B0-8D50-4BC8-9D4C-8CFD5C0F67B1}.Release|Any CPU.Build.0 = Release|Any CPU
		{D4D5D3B0-8D50-4BC8-9D4C-8CFD5C0F67B1}.Release|x64.ActiveCfg = Release|Any CPU
		{D4D5D3B0-8D50-4BC8-9D4C-8CFD5C0F67B1}.Release|x64.Build.0 = Release|Any CPU
		{D4D5D3B0-8D50-4BC8-9D4C-8CFD5C0F67B1}.Release|x86.ActiveCfg = Release|Any CPU
		{D4D5D3B0-8D50-4BC8-9D4C-8CFD5C0F67B1}.Release|x86.Build.0 = Release|Any CPU
		{CB0E275E-DE99-450B-BF31-F258842BC91A}.Debug|Any CPU.ActiveCfg = Debug|Any CPU
		{CB0E275E-DE99-450B-BF31-F258842BC91A}.Debug|Any CPU.Build.0 = Debug|Any CPU
		{CB0E275E-DE99-450B-BF31-F258842BC91A}.Debug|x64.ActiveCfg = Debug|Any CPU
		{CB0E275E-DE99-450B-BF31-F258842BC91A}.Debug|x64.Build.0 = Debug|Any CPU
		{CB0E275E-DE99-450B-BF31-F258842BC91A}.Debug|x86.ActiveCfg = Debug|Any CPU
		{CB0E275E-DE99-450B-BF31-F258842BC91A}.Debug|x86.Build.0 = Debug|Any CPU
		{CB0E275E-DE99-450B-BF31-F258842BC91A}.Release|Any CPU.ActiveCfg = Release|Any CPU
		{CB0E275E-DE99-450B-BF31-F258842BC91A}.Release|Any CPU.Build.0 = Release|Any CPU
		{CB0E275E-DE99-450B-BF31-F258842BC91A}.Release|x64.ActiveCfg = Release|Any CPU
		{CB0E275E-DE99-450B-BF31-F258842BC91A}.Release|x64.Build.0 = Release|Any CPU
		{CB0E275E-DE99-450B-BF31-F258842BC91A}.Release|x86.ActiveCfg = Release|Any CPU
		{CB0E275E-DE99-450B-BF31-F258842BC91A}.Release|x86.Build.0 = Release|Any CPU
		{B425BCAB-9821-4524-B68C-8FFF54BD51E8}.Debug|Any CPU.ActiveCfg = Debug|Any CPU
		{B425BCAB-9821-4524-B68C-8FFF54BD51E8}.Debug|Any CPU.Build.0 = Debug|Any CPU
		{B425BCAB-9821-4524-B68C-8FFF54BD51E8}.Debug|x64.ActiveCfg = Debug|Any CPU
		{B425BCAB-9821-4524-B68C-8FFF54BD51E8}.Debug|x64.Build.0 = Debug|Any CPU
		{B425BCAB-9821-4524-B68C-8FFF54BD51E8}.Debug|x86.ActiveCfg = Debug|Any CPU
		{B425BCAB-9821-4524-B68C-8FFF54BD51E8}.Debug|x86.Build.0 = Debug|Any CPU
		{B425BCAB-9821-4524-B68C-8FFF54BD51E8}.Release|Any CPU.ActiveCfg = Release|Any CPU
		{B425BCAB-9821-4524-B68C-8FFF54BD51E8}.Release|Any CPU.Build.0 = Release|Any CPU
		{B425BCAB-9821-4524-B68C-8FFF54BD51E8}.Release|x64.ActiveCfg = Release|Any CPU
		{B425BCAB-9821-4524-B68C-8FFF54BD51E8}.Release|x64.Build.0 = Release|Any CPU
		{B425BCAB-9821-4524-B68C-8FFF54BD51E8}.Release|x86.ActiveCfg = Release|Any CPU
		{B425BCAB-9821-4524-B68C-8FFF54BD51E8}.Release|x86.Build.0 = Release|Any CPU
	EndGlobalSection
	GlobalSection(SolutionProperties) = preSolution
		HideSolutionNode = FALSE
	EndGlobalSection
	GlobalSection(NestedProjects) = preSolution
		{CF6D761B-4027-4DF8-9076-0017A345EBEB} = {570515D6-04A2-4AE6-84DA-4CADF4079460}
		{C2896EC2-B24C-41F2-A0DD-AD9BD74BB871} = {570515D6-04A2-4AE6-84DA-4CADF4079460}
		{6A448643-F989-4B43-83A2-C9D5C6DD8243} = {570515D6-04A2-4AE6-84DA-4CADF4079460}
		{06988160-2A4F-4A03-B4AE-192BA4BF2850} = {570515D6-04A2-4AE6-84DA-4CADF4079460}
		{8FEFB33B-5EBF-4086-A622-DC4517FCD7F6} = {570515D6-04A2-4AE6-84DA-4CADF4079460}
		{770CCAD6-B3B5-4BAE-891A-45BC3909A60C} = {570515D6-04A2-4AE6-84DA-4CADF4079460}
		{B84ED436-2F98-4A0F-8801-395DC0C5F308} = {0AB3BF05-4346-4AA6-1389-037BE0695223}
		{53113652-4879-4933-9970-758773A743E3} = {0AB3BF05-4346-4AA6-1389-037BE0695223}
		{7CC4AB16-6681-4B0A-A0C6-808B5D223D9F} = {0AB3BF05-4346-4AA6-1389-037BE0695223}
		{AD86778F-973C-428B-84F3-47BBD824EB76} = {0AB3BF05-4346-4AA6-1389-037BE0695223}
		{D13C6E45-4DE0-4A62-91AC-65E4DE6D053D} = {F3A92795-71E7-4A8B-A3D0-C8F01876A59E}
		{6EB6032A-4177-4BF2-B6C8-4E1E90CE3F39} = {F3A92795-71E7-4A8B-A3D0-C8F01876A59E}
		{D4D5D3B0-8D50-4BC8-9D4C-8CFD5C0F67B1} = {F3A92795-71E7-4A8B-A3D0-C8F01876A59E}
		{CB0E275E-DE99-450B-BF31-F258842BC91A} = {F3A92795-71E7-4A8B-A3D0-C8F01876A59E}
		{B425BCAB-9821-4524-B68C-8FFF54BD51E8} = {F3A92795-71E7-4A8B-A3D0-C8F01876A59E}
	EndGlobalSection
EndGlobal
